// !$*UTF8*$!
{
	archiveVersion = 1;
	classes = {
	};
	objectVersion = 56;
	objects = {

/* Begin PBXBuildFile section */
		FB04857029CE37BF0086323D /* Semester_Tracker_SwiftUIApp.swift in Sources */ = {isa = PBXBuildFile; fileRef = FB04856F29CE37BF0086323D /* Semester_Tracker_SwiftUIApp.swift */; };
		FB04857229CE37BF0086323D /* ContentView.swift in Sources */ = {isa = PBXBuildFile; fileRef = FB04857129CE37BF0086323D /* ContentView.swift */; };
		FB04857429CE37C20086323D /* Assets.xcassets in Resources */ = {isa = PBXBuildFile; fileRef = FB04857329CE37C20086323D /* Assets.xcassets */; };
		FB04857729CE37C20086323D /* Preview Assets.xcassets in Resources */ = {isa = PBXBuildFile; fileRef = FB04857629CE37C20086323D /* Preview Assets.xcassets */; };
		FB04857E29CE37EC0086323D /* Subject.swift in Sources */ = {isa = PBXBuildFile; fileRef = FB04857D29CE37EC0086323D /* Subject.swift */; };
		FB04858029CE382D0086323D /* Semester.swift in Sources */ = {isa = PBXBuildFile; fileRef = FB04857F29CE382D0086323D /* Semester.swift */; };
		FB04858229CE38950086323D /* GeneralEvent.swift in Sources */ = {isa = PBXBuildFile; fileRef = FB04858129CE38950086323D /* GeneralEvent.swift */; };
		FB04858429CE39210086323D /* Event.swift in Sources */ = {isa = PBXBuildFile; fileRef = FB04858329CE39210086323D /* Event.swift */; };
		FB04858829CE39FF0086323D /* Status.swift in Sources */ = {isa = PBXBuildFile; fileRef = FB04858729CE39FF0086323D /* Status.swift */; };
		FB04858A29CE3A500086323D /* Student.swift in Sources */ = {isa = PBXBuildFile; fileRef = FB04858929CE3A500086323D /* Student.swift */; };
		FB04858C29CE3AA80086323D /* Teacher.swift in Sources */ = {isa = PBXBuildFile; fileRef = FB04858B29CE3AA80086323D /* Teacher.swift */; };
		FB04859029CE3E130086323D /* Extensions.swift in Sources */ = {isa = PBXBuildFile; fileRef = FB04858F29CE3E130086323D /* Extensions.swift */; };
		FB04859229CE41490086323D /* SubjectPreviewData.swift in Sources */ = {isa = PBXBuildFile; fileRef = FB04859129CE41490086323D /* SubjectPreviewData.swift */; };
		FB04859429CE43A10086323D /* SubjectRow.swift in Sources */ = {isa = PBXBuildFile; fileRef = FB04859329CE43A10086323D /* SubjectRow.swift */; };
		FB04859729CE45BD0086323D /* SwiftUIFontIcon in Frameworks */ = {isa = PBXBuildFile; productRef = FB04859629CE45BD0086323D /* SwiftUIFontIcon */; };
		FB04859929CE588C0086323D /* StatusCell.swift in Sources */ = {isa = PBXBuildFile; fileRef = FB04859829CE588C0086323D /* StatusCell.swift */; };
		FB172B8F29D32889000AC842 /* SubjectListViewModel.swift in Sources */ = {isa = PBXBuildFile; fileRef = FB172B8E29D32889000AC842 /* SubjectListViewModel.swift */; };
		FB2490D229D8818D0052AA40 /* Introspect in Frameworks */ = {isa = PBXBuildFile; productRef = FB2490D129D8818D0052AA40 /* Introspect */; };
		FB2490D729D884810052AA40 /* SimultaneouslyScrollView in Frameworks */ = {isa = PBXBuildFile; productRef = FB2490D629D884810052AA40 /* SimultaneouslyScrollView */; };
		FB2CF1C029D2208000BC9DF0 /* StatusPreviewData.swift in Sources */ = {isa = PBXBuildFile; fileRef = FB2CF1BF29D2208000BC9DF0 /* StatusPreviewData.swift */; };
		FB2D636B29DC9622007D707A /* SimultaneouslyScrollViewHandler.swift in Sources */ = {isa = PBXBuildFile; fileRef = FB2D636A29DC9621007D707A /* SimultaneouslyScrollViewHandler.swift */; };
		FB2D636D29DCB097007D707A /* FilterBar.swift in Sources */ = {isa = PBXBuildFile; fileRef = FB2D636C29DCB097007D707A /* FilterBar.swift */; };
		FB9C1BC329D23277006058C4 /* statuses.json in Resources */ = {isa = PBXBuildFile; fileRef = FBDFD8A529CF19A50069A4C5 /* statuses.json */; };
		FBBDA1B529D344870054A247 /* SubjectsTable.swift in Sources */ = {isa = PBXBuildFile; fileRef = FBBDA1B429D344870054A247 /* SubjectsTable.swift */; };
		FBBDA1B729D345C70054A247 /* subjects.json in Resources */ = {isa = PBXBuildFile; fileRef = FBBDA1B629D345C70054A247 /* subjects.json */; };
		FBDFD8A229CEFD1D0069A4C5 /* StatusListViewModel.swift in Sources */ = {isa = PBXBuildFile; fileRef = FBDFD8A129CEFD1D0069A4C5 /* StatusListViewModel.swift */; };
		FBDFD8A629CF19A50069A4C5 /* statuses.json in Sources */ = {isa = PBXBuildFile; fileRef = FBDFD8A529CF19A50069A4C5 /* statuses.json */; };
/* End PBXBuildFile section */

/* Begin PBXFileReference section */
		FB04856C29CE37BF0086323D /* Semester Tracker SwiftUI.app */ = {isa = PBXFileReference; explicitFileType = wrapper.application; includeInIndex = 0; path = "Semester Tracker SwiftUI.app"; sourceTree = BUILT_PRODUCTS_DIR; };
		FB04856F29CE37BF0086323D /* Semester_Tracker_SwiftUIApp.swift */ = {isa = PBXFileReference; lastKnownFileType = sourcecode.swift; path = Semester_Tracker_SwiftUIApp.swift; sourceTree = "<group>"; };
		FB04857129CE37BF0086323D /* ContentView.swift */ = {isa = PBXFileReference; lastKnownFileType = sourcecode.swift; path = ContentView.swift; sourceTree = "<group>"; };
		FB04857329CE37C20086323D /* Assets.xcassets */ = {isa = PBXFileReference; lastKnownFileType = folder.assetcatalog; path = Assets.xcassets; sourceTree = "<group>"; };
		FB04857629CE37C20086323D /* Preview Assets.xcassets */ = {isa = PBXFileReference; lastKnownFileType = folder.assetcatalog; path = "Preview Assets.xcassets"; sourceTree = "<group>"; };
		FB04857D29CE37EC0086323D /* Subject.swift */ = {isa = PBXFileReference; lastKnownFileType = sourcecode.swift; path = Subject.swift; sourceTree = "<group>"; };
		FB04857F29CE382D0086323D /* Semester.swift */ = {isa = PBXFileReference; lastKnownFileType = sourcecode.swift; path = Semester.swift; sourceTree = "<group>"; };
		FB04858129CE38950086323D /* GeneralEvent.swift */ = {isa = PBXFileReference; lastKnownFileType = sourcecode.swift; path = GeneralEvent.swift; sourceTree = "<group>"; };
		FB04858329CE39210086323D /* Event.swift */ = {isa = PBXFileReference; lastKnownFileType = sourcecode.swift; path = Event.swift; sourceTree = "<group>"; };
		FB04858729CE39FF0086323D /* Status.swift */ = {isa = PBXFileReference; lastKnownFileType = sourcecode.swift; path = Status.swift; sourceTree = "<group>"; };
		FB04858929CE3A500086323D /* Student.swift */ = {isa = PBXFileReference; lastKnownFileType = sourcecode.swift; path = Student.swift; sourceTree = "<group>"; };
		FB04858B29CE3AA80086323D /* Teacher.swift */ = {isa = PBXFileReference; lastKnownFileType = sourcecode.swift; path = Teacher.swift; sourceTree = "<group>"; };
		FB04858F29CE3E130086323D /* Extensions.swift */ = {isa = PBXFileReference; lastKnownFileType = sourcecode.swift; path = Extensions.swift; sourceTree = "<group>"; };
		FB04859129CE41490086323D /* SubjectPreviewData.swift */ = {isa = PBXFileReference; lastKnownFileType = sourcecode.swift; path = SubjectPreviewData.swift; sourceTree = "<group>"; };
		FB04859329CE43A10086323D /* SubjectRow.swift */ = {isa = PBXFileReference; lastKnownFileType = sourcecode.swift; path = SubjectRow.swift; sourceTree = "<group>"; };
		FB04859829CE588C0086323D /* StatusCell.swift */ = {isa = PBXFileReference; lastKnownFileType = sourcecode.swift; path = StatusCell.swift; sourceTree = "<group>"; };
		FB172B8E29D32889000AC842 /* SubjectListViewModel.swift */ = {isa = PBXFileReference; lastKnownFileType = sourcecode.swift; path = SubjectListViewModel.swift; sourceTree = "<group>"; };
		FB2CF1BF29D2208000BC9DF0 /* StatusPreviewData.swift */ = {isa = PBXFileReference; lastKnownFileType = sourcecode.swift; path = StatusPreviewData.swift; sourceTree = "<group>"; };
		FB2D636A29DC9621007D707A /* SimultaneouslyScrollViewHandler.swift */ = {isa = PBXFileReference; lastKnownFileType = sourcecode.swift; path = SimultaneouslyScrollViewHandler.swift; sourceTree = "<group>"; };
		FB2D636C29DCB097007D707A /* FilterBar.swift */ = {isa = PBXFileReference; lastKnownFileType = sourcecode.swift; path = FilterBar.swift; sourceTree = "<group>"; };
		FBBDA1B429D344870054A247 /* SubjectsTable.swift */ = {isa = PBXFileReference; lastKnownFileType = sourcecode.swift; path = SubjectsTable.swift; sourceTree = "<group>"; };
		FBBDA1B629D345C70054A247 /* subjects.json */ = {isa = PBXFileReference; lastKnownFileType = text.json; path = subjects.json; sourceTree = "<group>"; };
		FBDFD8A129CEFD1D0069A4C5 /* StatusListViewModel.swift */ = {isa = PBXFileReference; lastKnownFileType = sourcecode.swift; path = StatusListViewModel.swift; sourceTree = "<group>"; };
		FBDFD8A529CF19A50069A4C5 /* statuses.json */ = {isa = PBXFileReference; lastKnownFileType = text.json; path = statuses.json; sourceTree = "<group>"; };
/* End PBXFileReference section */

/* Begin PBXFrameworksBuildPhase section */
		FB04856929CE37BF0086323D /* Frameworks */ = {
			isa = PBXFrameworksBuildPhase;
			buildActionMask = 2147483647;
			files = (
				FB04859729CE45BD0086323D /* SwiftUIFontIcon in Frameworks */,
				FB2490D729D884810052AA40 /* SimultaneouslyScrollView in Frameworks */,
				FB2490D229D8818D0052AA40 /* Introspect in Frameworks */,
			);
			runOnlyForDeploymentPostprocessing = 0;
		};
/* End PBXFrameworksBuildPhase section */

/* Begin PBXGroup section */
		FB04856329CE37BF0086323D = {
			isa = PBXGroup;
			children = (
				FB04856E29CE37BF0086323D /* Semester Tracker SwiftUI */,
				FB04856D29CE37BF0086323D /* Products */,
			);
			sourceTree = "<group>";
		};
		FB04856D29CE37BF0086323D /* Products */ = {
			isa = PBXGroup;
			children = (
				FB04856C29CE37BF0086323D /* Semester Tracker SwiftUI.app */,
			);
			name = Products;
			sourceTree = "<group>";
		};
		FB04856E29CE37BF0086323D /* Semester Tracker SwiftUI */ = {
			isa = PBXGroup;
			children = (
				FBBDA1B329D343500054A247 /* ViewModels */,
				FB172B9029D328B5000AC842 /* Views */,
				FB172B8C29D32776000AC842 /* Extensions */,
				FB172B8B29D32760000AC842 /* Models */,
				FB04856F29CE37BF0086323D /* Semester_Tracker_SwiftUIApp.swift */,
				FB04857329CE37C20086323D /* Assets.xcassets */,
				FB04857529CE37C20086323D /* Preview Content */,
				FBDFD8A529CF19A50069A4C5 /* statuses.json */,
				FBBDA1B629D345C70054A247 /* subjects.json */,
				FB2D636A29DC9621007D707A /* SimultaneouslyScrollViewHandler.swift */,
			);
			path = "Semester Tracker SwiftUI";
			sourceTree = "<group>";
		};
		FB04857529CE37C20086323D /* Preview Content */ = {
			isa = PBXGroup;
			children = (
				FB04857629CE37C20086323D /* Preview Assets.xcassets */,
				FB04859129CE41490086323D /* SubjectPreviewData.swift */,
				FB2CF1BF29D2208000BC9DF0 /* StatusPreviewData.swift */,
			);
			path = "Preview Content";
			sourceTree = "<group>";
		};
		FB172B8B29D32760000AC842 /* Models */ = {
			isa = PBXGroup;
			children = (
				FB04857D29CE37EC0086323D /* Subject.swift */,
				FB04857F29CE382D0086323D /* Semester.swift */,
				FB04858129CE38950086323D /* GeneralEvent.swift */,
				FB04858329CE39210086323D /* Event.swift */,
				FB04858729CE39FF0086323D /* Status.swift */,
				FB04858929CE3A500086323D /* Student.swift */,
				FB04858B29CE3AA80086323D /* Teacher.swift */,
			);
			path = Models;
			sourceTree = "<group>";
		};
		FB172B8C29D32776000AC842 /* Extensions */ = {
			isa = PBXGroup;
			children = (
				FB04858F29CE3E130086323D /* Extensions.swift */,
			);
			path = Extensions;
			sourceTree = "<group>";
		};
		FB172B9029D328B5000AC842 /* Views */ = {
			isa = PBXGroup;
			children = (
				FB2D636C29DCB097007D707A /* FilterBar.swift */,
				FB04857129CE37BF0086323D /* ContentView.swift */,
				FB04859329CE43A10086323D /* SubjectRow.swift */,
				FB04859829CE588C0086323D /* StatusCell.swift */,
				FBBDA1B429D344870054A247 /* SubjectsTable.swift */,
			);
			path = Views;
			sourceTree = "<group>";
		};
		FBBDA1B329D343500054A247 /* ViewModels */ = {
			isa = PBXGroup;
			children = (
				FBDFD8A129CEFD1D0069A4C5 /* StatusListViewModel.swift */,
				FB172B8E29D32889000AC842 /* SubjectListViewModel.swift */,
			);
			path = ViewModels;
			sourceTree = "<group>";
		};
/* End PBXGroup section */

/* Begin PBXNativeTarget section */
		FB04856B29CE37BF0086323D /* Semester Tracker SwiftUI */ = {
			isa = PBXNativeTarget;
			buildConfigurationList = FB04857A29CE37C20086323D /* Build configuration list for PBXNativeTarget "Semester Tracker SwiftUI" */;
			buildPhases = (
				FB04856829CE37BF0086323D /* Sources */,
				FB04856929CE37BF0086323D /* Frameworks */,
				FB04856A29CE37BF0086323D /* Resources */,
			);
			buildRules = (
			);
			dependencies = (
			);
			name = "Semester Tracker SwiftUI";
			packageProductDependencies = (
				FB04859629CE45BD0086323D /* SwiftUIFontIcon */,
				FB2490D129D8818D0052AA40 /* Introspect */,
				FB2490D629D884810052AA40 /* SimultaneouslyScrollView */,
			);
			productName = "Semester Tracker SwiftUI";
			productReference = FB04856C29CE37BF0086323D /* Semester Tracker SwiftUI.app */;
			productType = "com.apple.product-type.application";
		};
/* End PBXNativeTarget section */

/* Begin PBXProject section */
		FB04856429CE37BF0086323D /* Project object */ = {
			isa = PBXProject;
			attributes = {
				BuildIndependentTargetsInParallel = 1;
				LastSwiftUpdateCheck = 1420;
				LastUpgradeCheck = 1420;
				TargetAttributes = {
					FB04856B29CE37BF0086323D = {
						CreatedOnToolsVersion = 14.2;
					};
				};
			};
			buildConfigurationList = FB04856729CE37BF0086323D /* Build configuration list for PBXProject "Semester Tracker SwiftUI" */;
			compatibilityVersion = "Xcode 14.0";
			developmentRegion = en;
			hasScannedForEncodings = 0;
			knownRegions = (
				en,
				Base,
			);
			mainGroup = FB04856329CE37BF0086323D;
			packageReferences = (
				FB04859529CE45BD0086323D /* XCRemoteSwiftPackageReference "SwiftUIFontIcon" */,
				FB2490D029D8818D0052AA40 /* XCRemoteSwiftPackageReference "SwiftUI-Introspect" */,
				FB2490D529D884810052AA40 /* XCRemoteSwiftPackageReference "SimultaneouslyScrollView" */,
			);
			productRefGroup = FB04856D29CE37BF0086323D /* Products */;
			projectDirPath = "";
			projectRoot = "";
			targets = (
				FB04856B29CE37BF0086323D /* Semester Tracker SwiftUI */,
			);
		};
/* End PBXProject section */

/* Begin PBXResourcesBuildPhase section */
		FB04856A29CE37BF0086323D /* Resources */ = {
			isa = PBXResourcesBuildPhase;
			buildActionMask = 2147483647;
			files = (
				FB9C1BC329D23277006058C4 /* statuses.json in Resources */,
				FB04857729CE37C20086323D /* Preview Assets.xcassets in Resources */,
				FB04857429CE37C20086323D /* Assets.xcassets in Resources */,
				FBBDA1B729D345C70054A247 /* subjects.json in Resources */,
			);
			runOnlyForDeploymentPostprocessing = 0;
		};
/* End PBXResourcesBuildPhase section */

/* Begin PBXSourcesBuildPhase section */
		FB04856829CE37BF0086323D /* Sources */ = {
			isa = PBXSourcesBuildPhase;
			buildActionMask = 2147483647;
			files = (
				FB04857229CE37BF0086323D /* ContentView.swift in Sources */,
				FB2D636D29DCB097007D707A /* FilterBar.swift in Sources */,
				FB04858229CE38950086323D /* GeneralEvent.swift in Sources */,
				FB2CF1C029D2208000BC9DF0 /* StatusPreviewData.swift in Sources */,
				FBBDA1B529D344870054A247 /* SubjectsTable.swift in Sources */,
				FB04858029CE382D0086323D /* Semester.swift in Sources */,
				FBDFD8A629CF19A50069A4C5 /* statuses.json in Sources */,
				FB04859429CE43A10086323D /* SubjectRow.swift in Sources */,
				FB04858829CE39FF0086323D /* Status.swift in Sources */,
				FB04858A29CE3A500086323D /* Student.swift in Sources */,
				FB04859229CE41490086323D /* SubjectPreviewData.swift in Sources */,
				FBDFD8A229CEFD1D0069A4C5 /* StatusListViewModel.swift in Sources */,
				FB04858C29CE3AA80086323D /* Teacher.swift in Sources */,
				FB04859029CE3E130086323D /* Extensions.swift in Sources */,
				FB04857E29CE37EC0086323D /* Subject.swift in Sources */,
				FB172B8F29D32889000AC842 /* SubjectListViewModel.swift in Sources */,
				FB04859929CE588C0086323D /* StatusCell.swift in Sources */,
				FB04858429CE39210086323D /* Event.swift in Sources */,
				FB2D636B29DC9622007D707A /* SimultaneouslyScrollViewHandler.swift in Sources */,
				FB04857029CE37BF0086323D /* Semester_Tracker_SwiftUIApp.swift in Sources */,
			);
			runOnlyForDeploymentPostprocessing = 0;
		};
/* End PBXSourcesBuildPhase section */

/* Begin XCBuildConfiguration section */
		FB04857829CE37C20086323D /* Debug */ = {
			isa = XCBuildConfiguration;
			buildSettings = {
				ALWAYS_SEARCH_USER_PATHS = NO;
				CLANG_ANALYZER_NONNULL = YES;
				CLANG_ANALYZER_NUMBER_OBJECT_CONVERSION = YES_AGGRESSIVE;
				CLANG_CXX_LANGUAGE_STANDARD = "gnu++20";
				CLANG_ENABLE_MODULES = YES;
				CLANG_ENABLE_OBJC_ARC = YES;
				CLANG_ENABLE_OBJC_WEAK = YES;
				CLANG_WARN_BLOCK_CAPTURE_AUTORELEASING = YES;
				CLANG_WARN_BOOL_CONVERSION = YES;
				CLANG_WARN_COMMA = YES;
				CLANG_WARN_CONSTANT_CONVERSION = YES;
				CLANG_WARN_DEPRECATED_OBJC_IMPLEMENTATIONS = YES;
				CLANG_WARN_DIRECT_OBJC_ISA_USAGE = YES_ERROR;
				CLANG_WARN_DOCUMENTATION_COMMENTS = YES;
				CLANG_WARN_EMPTY_BODY = YES;
				CLANG_WARN_ENUM_CONVERSION = YES;
				CLANG_WARN_INFINITE_RECURSION = YES;
				CLANG_WARN_INT_CONVERSION = YES;
				CLANG_WARN_NON_LITERAL_NULL_CONVERSION = YES;
				CLANG_WARN_OBJC_IMPLICIT_RETAIN_SELF = YES;
				CLANG_WARN_OBJC_LITERAL_CONVERSION = YES;
				CLANG_WARN_OBJC_ROOT_CLASS = YES_ERROR;
				CLANG_WARN_QUOTED_INCLUDE_IN_FRAMEWORK_HEADER = YES;
				CLANG_WARN_RANGE_LOOP_ANALYSIS = YES;
				CLANG_WARN_STRICT_PROTOTYPES = YES;
				CLANG_WARN_SUSPICIOUS_MOVE = YES;
				CLANG_WARN_UNGUARDED_AVAILABILITY = YES_AGGRESSIVE;
				CLANG_WARN_UNREACHABLE_CODE = YES;
				CLANG_WARN__DUPLICATE_METHOD_MATCH = YES;
				COPY_PHASE_STRIP = NO;
				DEBUG_INFORMATION_FORMAT = dwarf;
				ENABLE_STRICT_OBJC_MSGSEND = YES;
				ENABLE_TESTABILITY = YES;
				GCC_C_LANGUAGE_STANDARD = gnu11;
				GCC_DYNAMIC_NO_PIC = NO;
				GCC_NO_COMMON_BLOCKS = YES;
				GCC_OPTIMIZATION_LEVEL = 0;
				GCC_PREPROCESSOR_DEFINITIONS = (
					"DEBUG=1",
					"$(inherited)",
				);
				GCC_WARN_64_TO_32_BIT_CONVERSION = YES;
				GCC_WARN_ABOUT_RETURN_TYPE = YES_ERROR;
				GCC_WARN_UNDECLARED_SELECTOR = YES;
				GCC_WARN_UNINITIALIZED_AUTOS = YES_AGGRESSIVE;
				GCC_WARN_UNUSED_FUNCTION = YES;
				GCC_WARN_UNUSED_VARIABLE = YES;
				IPHONEOS_DEPLOYMENT_TARGET = 16.2;
				MTL_ENABLE_DEBUG_INFO = INCLUDE_SOURCE;
				MTL_FAST_MATH = YES;
				ONLY_ACTIVE_ARCH = YES;
				SDKROOT = iphoneos;
				SWIFT_ACTIVE_COMPILATION_CONDITIONS = DEBUG;
				SWIFT_OPTIMIZATION_LEVEL = "-Onone";
			};
			name = Debug;
		};
		FB04857929CE37C20086323D /* Release */ = {
			isa = XCBuildConfiguration;
			buildSettings = {
				ALWAYS_SEARCH_USER_PATHS = NO;
				CLANG_ANALYZER_NONNULL = YES;
				CLANG_ANALYZER_NUMBER_OBJECT_CONVERSION = YES_AGGRESSIVE;
				CLANG_CXX_LANGUAGE_STANDARD = "gnu++20";
				CLANG_ENABLE_MODULES = YES;
				CLANG_ENABLE_OBJC_ARC = YES;
				CLANG_ENABLE_OBJC_WEAK = YES;
				CLANG_WARN_BLOCK_CAPTURE_AUTORELEASING = YES;
				CLANG_WARN_BOOL_CONVERSION = YES;
				CLANG_WARN_COMMA = YES;
				CLANG_WARN_CONSTANT_CONVERSION = YES;
				CLANG_WARN_DEPRECATED_OBJC_IMPLEMENTATIONS = YES;
				CLANG_WARN_DIRECT_OBJC_ISA_USAGE = YES_ERROR;
				CLANG_WARN_DOCUMENTATION_COMMENTS = YES;
				CLANG_WARN_EMPTY_BODY = YES;
				CLANG_WARN_ENUM_CONVERSION = YES;
				CLANG_WARN_INFINITE_RECURSION = YES;
				CLANG_WARN_INT_CONVERSION = YES;
				CLANG_WARN_NON_LITERAL_NULL_CONVERSION = YES;
				CLANG_WARN_OBJC_IMPLICIT_RETAIN_SELF = YES;
				CLANG_WARN_OBJC_LITERAL_CONVERSION = YES;
				CLANG_WARN_OBJC_ROOT_CLASS = YES_ERROR;
				CLANG_WARN_QUOTED_INCLUDE_IN_FRAMEWORK_HEADER = YES;
				CLANG_WARN_RANGE_LOOP_ANALYSIS = YES;
				CLANG_WARN_STRICT_PROTOTYPES = YES;
				CLANG_WARN_SUSPICIOUS_MOVE = YES;
				CLANG_WARN_UNGUARDED_AVAILABILITY = YES_AGGRESSIVE;
				CLANG_WARN_UNREACHABLE_CODE = YES;
				CLANG_WARN__DUPLICATE_METHOD_MATCH = YES;
				COPY_PHASE_STRIP = NO;
				DEBUG_INFORMATION_FORMAT = "dwarf-with-dsym";
				ENABLE_NS_ASSERTIONS = NO;
				ENABLE_STRICT_OBJC_MSGSEND = YES;
				GCC_C_LANGUAGE_STANDARD = gnu11;
				GCC_NO_COMMON_BLOCKS = YES;
				GCC_WARN_64_TO_32_BIT_CONVERSION = YES;
				GCC_WARN_ABOUT_RETURN_TYPE = YES_ERROR;
				GCC_WARN_UNDECLARED_SELECTOR = YES;
				GCC_WARN_UNINITIALIZED_AUTOS = YES_AGGRESSIVE;
				GCC_WARN_UNUSED_FUNCTION = YES;
				GCC_WARN_UNUSED_VARIABLE = YES;
				IPHONEOS_DEPLOYMENT_TARGET = 16.2;
				MTL_ENABLE_DEBUG_INFO = NO;
				MTL_FAST_MATH = YES;
				SDKROOT = iphoneos;
				SWIFT_COMPILATION_MODE = wholemodule;
				SWIFT_OPTIMIZATION_LEVEL = "-O";
				VALIDATE_PRODUCT = YES;
			};
			name = Release;
		};
		FB04857B29CE37C20086323D /* Debug */ = {
			isa = XCBuildConfiguration;
			buildSettings = {
				ASSETCATALOG_COMPILER_APPICON_NAME = AppIcon;
				ASSETCATALOG_COMPILER_GLOBAL_ACCENT_COLOR_NAME = AccentColor;
				CODE_SIGN_STYLE = Automatic;
				CURRENT_PROJECT_VERSION = 1;
				DEVELOPMENT_ASSET_PATHS = "\"Semester Tracker SwiftUI/Preview Content\"";
				ENABLE_PREVIEWS = YES;
				GENERATE_INFOPLIST_FILE = YES;
				INFOPLIST_KEY_UIApplicationSceneManifest_Generation = YES;
				INFOPLIST_KEY_UIApplicationSupportsIndirectInputEvents = YES;
				INFOPLIST_KEY_UILaunchScreen_Generation = YES;
				INFOPLIST_KEY_UISupportedInterfaceOrientations_iPad = "UIInterfaceOrientationPortrait UIInterfaceOrientationPortraitUpsideDown UIInterfaceOrientationLandscapeLeft UIInterfaceOrientationLandscapeRight";
				INFOPLIST_KEY_UISupportedInterfaceOrientations_iPhone = "UIInterfaceOrientationPortrait UIInterfaceOrientationLandscapeLeft UIInterfaceOrientationLandscapeRight";
				LD_RUNPATH_SEARCH_PATHS = (
					"$(inherited)",
					"@executable_path/Frameworks",
				);
				MARKETING_VERSION = 1.0;
				PRODUCT_BUNDLE_IDENTIFIER = "cz.muni.fi.Semester-Tracker-SwiftUI";
				PRODUCT_NAME = "$(TARGET_NAME)";
				SWIFT_EMIT_LOC_STRINGS = YES;
				SWIFT_VERSION = 5.0;
				TARGETED_DEVICE_FAMILY = "1,2";
			};
			name = Debug;
		};
		FB04857C29CE37C20086323D /* Release */ = {
			isa = XCBuildConfiguration;
			buildSettings = {
				ASSETCATALOG_COMPILER_APPICON_NAME = AppIcon;
				ASSETCATALOG_COMPILER_GLOBAL_ACCENT_COLOR_NAME = AccentColor;
				CODE_SIGN_STYLE = Automatic;
				CURRENT_PROJECT_VERSION = 1;
				DEVELOPMENT_ASSET_PATHS = "\"Semester Tracker SwiftUI/Preview Content\"";
				ENABLE_PREVIEWS = YES;
				GENERATE_INFOPLIST_FILE = YES;
				INFOPLIST_KEY_UIApplicationSceneManifest_Generation = YES;
				INFOPLIST_KEY_UIApplicationSupportsIndirectInputEvents = YES;
				INFOPLIST_KEY_UILaunchScreen_Generation = YES;
				INFOPLIST_KEY_UISupportedInterfaceOrientations_iPad = "UIInterfaceOrientationPortrait UIInterfaceOrientationPortraitUpsideDown UIInterfaceOrientationLandscapeLeft UIInterfaceOrientationLandscapeRight";
				INFOPLIST_KEY_UISupportedInterfaceOrientations_iPhone = "UIInterfaceOrientationPortrait UIInterfaceOrientationLandscapeLeft UIInterfaceOrientationLandscapeRight";
				LD_RUNPATH_SEARCH_PATHS = (
					"$(inherited)",
					"@executable_path/Frameworks",
				);
				MARKETING_VERSION = 1.0;
				PRODUCT_BUNDLE_IDENTIFIER = "cz.muni.fi.Semester-Tracker-SwiftUI";
				PRODUCT_NAME = "$(TARGET_NAME)";
				SWIFT_EMIT_LOC_STRINGS = YES;
				SWIFT_VERSION = 5.0;
				TARGETED_DEVICE_FAMILY = "1,2";
			};
			name = Release;
		};
/* End XCBuildConfiguration section */

/* Begin XCConfigurationList section */
		FB04856729CE37BF0086323D /* Build configuration list for PBXProject "Semester Tracker SwiftUI" */ = {
			isa = XCConfigurationList;
			buildConfigurations = (
				FB04857829CE37C20086323D /* Debug */,
				FB04857929CE37C20086323D /* Release */,
			);
			defaultConfigurationIsVisible = 0;
			defaultConfigurationName = Release;
		};
		FB04857A29CE37C20086323D /* Build configuration list for PBXNativeTarget "Semester Tracker SwiftUI" */ = {
			isa = XCConfigurationList;
			buildConfigurations = (
				FB04857B29CE37C20086323D /* Debug */,
				FB04857C29CE37C20086323D /* Release */,
			);
			defaultConfigurationIsVisible = 0;
			defaultConfigurationName = Release;
		};
/* End XCConfigurationList section */

/* Begin XCRemoteSwiftPackageReference section */
		FB04859529CE45BD0086323D /* XCRemoteSwiftPackageReference "SwiftUIFontIcon" */ = {
			isa = XCRemoteSwiftPackageReference;
			repositoryURL = "https://github.com/huybuidac/SwiftUIFontIcon";
			requirement = {
				branch = master;
				kind = branch;
			};
		};
		FB2490D029D8818D0052AA40 /* XCRemoteSwiftPackageReference "SwiftUI-Introspect" */ = {
			isa = XCRemoteSwiftPackageReference;
			repositoryURL = "https://github.com/siteline/SwiftUI-Introspect";
			requirement = {
				branch = master;
				kind = branch;
			};
		};
		FB2490D529D884810052AA40 /* XCRemoteSwiftPackageReference "SimultaneouslyScrollView" */ = {
			isa = XCRemoteSwiftPackageReference;
			repositoryURL = "https://github.com/stonko1994/SimultaneouslyScrollView";
			requirement = {
				branch = main;
				kind = branch;
			};
		};
/* End XCRemoteSwiftPackageReference section */

/* Begin XCSwiftPackageProductDependency section */
		FB04859629CE45BD0086323D /* SwiftUIFontIcon */ = {
			isa = XCSwiftPackageProductDependency;
			package = FB04859529CE45BD0086323D /* XCRemoteSwiftPackageReference "SwiftUIFontIcon" */;
			productName = SwiftUIFontIcon;
		};
		FB2490D129D8818D0052AA40 /* Introspect */ = {
			isa = XCSwiftPackageProductDependency;
			package = FB2490D029D8818D0052AA40 /* XCRemoteSwiftPackageReference "SwiftUI-Introspect" */;
			productName = Introspect;
		};
		FB2490D629D884810052AA40 /* SimultaneouslyScrollView */ = {
			isa = XCSwiftPackageProductDependency;
			package = FB2490D529D884810052AA40 /* XCRemoteSwiftPackageReference "SimultaneouslyScrollView" */;
			productName = SimultaneouslyScrollView;
		};
/* End XCSwiftPackageProductDependency section */
	};
	rootObject = FB04856429CE37BF0086323D /* Project object */;
}
